{
    "version": "0.5",
    "requires": [
        "zlib/1.3.1#af8f2ef3d8e0fddf1975281d7fe43bf6%1707997029.0",
        "openssl/3.2.0#d52f6cbf28a54701393831929f47dbbd%1730191748.0",
        "libssh2/1.11.0#398cc57c58bbe9d41fd672c3a4e19782%1729187972.0",
        "libgit2/1.8.1#a8b96e7fc090b42f890cdb3bfc568e31%1729188039.0",
        "http_parser/2.9.4#38bd28da476afbba5e4adcdd726ea235%1729188001.0"
    ],
    "build_requires": [
        "cmake/3.28.1#92f79424d7b65b12a84a2180866c3a78%1707933215.0"
    ],
    "python_requires": []
}